# This file is @generated by PDM.
# It is not intended for manual editing.

[metadata]
groups = ["default"]
cross_platform = true
static_urls = false
lock_version = "4.3"
content_hash = "sha256:2102e7e20ac9a0fe8207d501b832511bb4c2d60471b106d75d812bb96e26b939"

[[package]]
name = "argparse"
version = "1.4.0"
summary = "Python command-line parsing library"
files = [
    {file = "argparse-1.4.0-py2.py3-none-any.whl", hash = "sha256:c31647edb69fd3d465a847ea3157d37bed1f95f19760b11a47aa91c04b666314"},
    {file = "argparse-1.4.0.tar.gz", hash = "sha256:62b089a55be1d8949cd2bc7e0df0bddb9e028faefc8c32038cc84862aefdd6e4"},
]

[[package]]
name = "pip"
version = "23.2.1"
requires_python = ">=3.7"
summary = "The PyPA recommended tool for installing Python packages."
files = [
    {file = "pip-23.2.1-py3-none-any.whl", hash = "sha256:7ccf472345f20d35bdc9d1841ff5f313260c2c33fe417f48c30ac46cccabf5be"},
    {file = "pip-23.2.1.tar.gz", hash = "sha256:fb0bd5435b3200c602b5bf61d2d43c2f13c02e29c1707567ae7fbc514eb9faf2"},
]

[[package]]
name = "polars"
version = "0.18.15"
requires_python = ">=3.8"
summary = "Blazingly fast DataFrame library"
files = [
    {file = "polars-0.18.15-cp38-abi3-macosx_10_7_x86_64.whl", hash = "sha256:f7a4e4108efd2ab728249f792c89d2e7baffd65e0d6cd9f09b6c395363e3fbea"},
    {file = "polars-0.18.15-cp38-abi3-macosx_11_0_arm64.whl", hash = "sha256:7dee57ecc6f6151f1f9b960f6baa5032ba5e967d3a0dc0cda830be20745be58c"},
    {file = "polars-0.18.15-cp38-abi3-manylinux_2_17_aarch64.manylinux2014_aarch64.whl", hash = "sha256:2c713610c7c144f41987092e2ab2372937933fbdc494a65c08eea251af91b60f"},
    {file = "polars-0.18.15-cp38-abi3-manylinux_2_17_x86_64.manylinux2014_x86_64.whl", hash = "sha256:c48d248891cfe62ee58f852dabf54c6bd85d4fc83b3b61b759534be0d3b6ec81"},
    {file = "polars-0.18.15-cp38-abi3-win_amd64.whl", hash = "sha256:a2f1e3ad546b98601d06340606e90a8788c35e064b4d82d27301069ce744086e"},
    {file = "polars-0.18.15.tar.gz", hash = "sha256:0c483fc1cfb25d07443c0d51eff9a18b94ccdbf6b252212767524412667ca870"},
]

[[package]]
name = "xlsx2csv"
version = "0.8.1"
summary = "xlsx to csv converter"
files = [
    {file = "xlsx2csv-0.8.1-py3-none-any.whl", hash = "sha256:6c36c0295d64f231570479e514d6163ce135af3c431a1705b073230bedaef9f2"},
    {file = "xlsx2csv-0.8.1.tar.gz", hash = "sha256:7ecd6d2bc2426f2e432f4fdac12211e1976d3cbb65f9033e1eda65edda2045e3"},
]
